     1|// !$*UTF8*$!
     2|{
     3|	archiveVersion = 1;
     4|	classes = {
     5|	};
     6|	objectVersion = 77;
     7|	objects = {
     8|
     9|/* Begin PBXBuildFile section */
    10|		0455396EE63E4636F8C1116E /* DetectionReport.swift in Sources */ = {isa = PBXBuildFile; fileRef = CCA86E0A77AA92A378C3664B /* DetectionReport.swift */; };
    11|		15A9B76252F74BEA34D5818D /* PUAClassifier.swift in Sources */ = {isa = PBXBuildFile; fileRef = 7A7B9BD745E624785E61058D /* PUAClassifier.swift */; };
    12|		3E0569AC0395913C1CE6D7EA /* SafetyResourcesView.swift in Sources */ = {isa = PBXBuildFile; fileRef = 6B4C9C49A4B686D4C5289C6E /* SafetyResourcesView.swift */; };
    13|		404C7F90F77536766B5FC898 /* Assets.xcassets in Resources */ = {isa = PBXBuildFile; fileRef = A3180C63BBEB0F6DEC5FCD41 /* Assets.xcassets */; };
    14|		4203E3D8AC273FC923C87807 /* PUADetectorViewModel.swift in Sources */ = {isa = PBXBuildFile; fileRef = 35865544FF894BF602CE72DF /* PUADetectorViewModel.swift */; };
    15|		49A42EA897F287BDD2AB5461 /* SettingsView.swift in Sources */ = {isa = PBXBuildFile; fileRef = E2DE23A0AA9D5C615CEC2E6F /* SettingsView.swift */; };
    16|		61C05C603749317A9C12041E /* SplashView.swift in Sources */ = {isa = PBXBuildFile; fileRef = 1B30D409BD88C0EEA41A7F94 /* SplashView.swift */; };
    17|		759DE60C26D977F09F9E1F9A /* PUAClassifierTests.swift in Sources */ = {isa = PBXBuildFile; fileRef = BD3379707BF63582A9812DD2 /* PUAClassifierTests.swift */; };
    18|		85D2928C99F19A6BCB5E74BB /* SpeechListener.swift in Sources */ = {isa = PBXBuildFile; fileRef = 582E7519CE24DE751430DCB3 /* SpeechListener.swift */; };
    19|		866854FF33CE27F1FCCA4716 /* PUADetectorApp.swift in Sources */ = {isa = PBXBuildFile; fileRef = 51DCC243E439852D6372BEC4 /* PUADetectorApp.swift */; };
    20|		8719CD8B161F56390430E150 /* DetectionPreferences.swift in Sources */ = {isa = PBXBuildFile; fileRef = 3230361D8162474AF6D3EDD5 /* DetectionPreferences.swift */; };
    21|		8C14CCF16B71A189C5D9023F /* VoiceAlert.swift in Sources */ = {isa = PBXBuildFile; fileRef = 17B467EDE9E81C0C5D08772A /* VoiceAlert.swift */; };
    22|    23|		964E653DF812AF1AE9FAAB14 /* ShareSheet.swift in Sources */ = {isa = PBXBuildFile; fileRef = F0B1F9FFAACFF3CFF0AD30F1 /* ShareSheet.swift */; };
    24|		A9A3C0F2098CFB55C0CE5738 /* ScoreTrendView.swift in Sources */ = {isa = PBXBuildFile; fileRef = 18E65C628EAAE89DADAE1667 /* ScoreTrendView.swift */; };
    25|		B6D21A56F2E38286C721E4F2 /* PrivacyInfo.xcprivacy in Resources */ = {isa = PBXBuildFile; fileRef = EF1D41D8209D730A12BF0DFB /* PrivacyInfo.xcprivacy */; };
    26|		B6E63CC9E206F5734D487784 /* DebugDetailsView.swift in Sources */ = {isa = PBXBuildFile; fileRef = 4B0E1EC753B530FBB5A6D7F9 /* DebugDetailsView.swift */; };
    27|		BD8B924F60ACF79EE2E5114C /* ContentView.swift in Sources */ = {isa = PBXBuildFile; fileRef = F24B477285459F11FF44FB06 /* ContentView.swift */; };
    28|		D118747EF175A025E769AA56 /* GaugeView.swift in Sources */ = {isa = PBXBuildFile; fileRef = 0DE382EEFEB57F2C1526C2E0 /* GaugeView.swift */; };
    29|		E0E271198F019802D7BA59C3 /* PUADetectorUITests.swift in Sources */ = {isa = PBXBuildFile; fileRef = 3904CB07C9406A39917C70C4 /* PUADetectorUITests.swift */; };
    30|		E357B8ECFBE6C673B31B4A6F /* Palette.swift in Sources */ = {isa = PBXBuildFile; fileRef = 1517324B9E3F2AFD7131D47C /* Palette.swift */; };
    31|		F087941FC572F18344AFC95A /* RadarRippleView.swift in Sources */ = {isa = PBXBuildFile; fileRef = FC0C6CC3622714042DA9FF4B /* RadarRippleView.swift */; };
    32|/* End PBXBuildFile section */
    33|
    34|/* Begin PBXContainerItemProxy section */
    35|		E8E126D790C5106E5B038BD4 /* PBXContainerItemProxy */ = {
    36|			isa = PBXContainerItemProxy;
    37|			containerPortal = 563D4EE4B50F2696D0E856F0 /* Project object */;
    38|			proxyType = 1;
    39|			remoteGlobalIDString = 8923E103FCDC54E574640EBA;
    40|			remoteInfo = PUADetector;
    41|		};
    42|		EF5A649831FB7FCD82F9E2FA /* PBXContainerItemProxy */ = {
    43|			isa = PBXContainerItemProxy;
    44|			containerPortal = 563D4EE4B50F2696D0E856F0 /* Project object */;
    45|			proxyType = 1;
    46|			remoteGlobalIDString = 8923E103FCDC54E574640EBA;
    47|			remoteInfo = PUADetector;
    48|		};
    49|/* End PBXContainerItemProxy section */
    50|
    51|/* Begin PBXFileReference section */
    52|		0DE382EEFEB57F2C1526C2E0 /* GaugeView.swift */ = {isa = PBXFileReference; lastKnownFileType = sourcecode.swift; path = GaugeView.swift; sourceTree = "<group>"; };
    53|		1517324B9E3F2AFD7131D47C /* Palette.swift */ = {isa = PBXFileReference; lastKnownFileType = sourcecode.swift; path = Palette.swift; sourceTree = "<group>"; };
    54|		176C1021E0F706A5876B9BD9 /* PUADetectorTests.xctest */ = {isa = PBXFileReference; includeInIndex = 0; lastKnownFileType = wrapper.cfbundle; path = PUADetectorTests.xctest; sourceTree = BUILT_PRODUCTS_DIR; };
    55|		17B467EDE9E81C0C5D08772A /* VoiceAlert.swift */ = {isa = PBXFileReference; lastKnownFileType = sourcecode.swift; path = VoiceAlert.swift; sourceTree = "<group>"; };
    56|		18E65C628EAAE89DADAE1667 /* ScoreTrendView.swift */ = {isa = PBXFileReference; lastKnownFileType = sourcecode.swift; path = ScoreTrendView.swift; sourceTree = "<group>"; };
    57|		1B30D409BD88C0EEA41A7F94 /* SplashView.swift */ = {isa = PBXFileReference; lastKnownFileType = sourcecode.swift; path = SplashView.swift; sourceTree = "<group>"; };
    58|		3230361D8162474AF6D3EDD5 /* DetectionPreferences.swift */ = {isa = PBXFileReference; lastKnownFileType = sourcecode.swift; path = DetectionPreferences.swift; sourceTree = "<group>"; };
    59|		35865544FF894BF602CE72DF /* PUADetectorViewModel.swift */ = {isa = PBXFileReference; lastKnownFileType = sourcecode.swift; path = PUADetectorViewModel.swift; sourceTree = "<group>"; };
    60|		3904CB07C9406A39917C70C4 /* PUADetectorUITests.swift */ = {isa = PBXFileReference; lastKnownFileType = sourcecode.swift; path = PUADetectorUITests.swift; sourceTree = "<group>"; };
    61|		4B0E1EC753B530FBB5A6D7F9 /* DebugDetailsView.swift */ = {isa = PBXFileReference; lastKnownFileType = sourcecode.swift; path = DebugDetailsView.swift; sourceTree = "<group>"; };
    62|		51DCC243E439852D6372BEC4 /* PUADetectorApp.swift */ = {isa = PBXFileReference; lastKnownFileType = sourcecode.swift; path = PUADetectorApp.swift; sourceTree = "<group>"; };
    63|		582E7519CE24DE751430DCB3 /* SpeechListener.swift */ = {isa = PBXFileReference; lastKnownFileType = sourcecode.swift; path = SpeechListener.swift; sourceTree = "<group>"; };
    64|		6B4C9C49A4B686D4C5289C6E /* SafetyResourcesView.swift */ = {isa = PBXFileReference; lastKnownFileType = sourcecode.swift; path = SafetyResourcesView.swift; sourceTree = "<group>"; };
    65|		7A7B9BD745E624785E61058D /* PUAClassifier.swift */ = {isa = PBXFileReference; lastKnownFileType = sourcecode.swift; path = PUAClassifier.swift; sourceTree = "<group>"; };
    66|    67|		A3180C63BBEB0F6DEC5FCD41 /* Assets.xcassets */ = {isa = PBXFileReference; lastKnownFileType = folder.assetcatalog; path = Assets.xcassets; sourceTree = "<group>"; };
    68|		BD3379707BF63582A9812DD2 /* PUAClassifierTests.swift */ = {isa = PBXFileReference; lastKnownFileType = sourcecode.swift; path = PUAClassifierTests.swift; sourceTree = "<group>"; };
    69|		C51DD13E4F7781A5E09EE561 /* PUADetector.app */ = {isa = PBXFileReference; includeInIndex = 0; lastKnownFileType = wrapper.application; path = PUADetector.app; sourceTree = BUILT_PRODUCTS_DIR; };
    70|		CCA86E0A77AA92A378C3664B /* DetectionReport.swift */ = {isa = PBXFileReference; lastKnownFileType = sourcecode.swift; path = DetectionReport.swift; sourceTree = "<group>"; };
    71|		D0D5CE60A1C7A114EC04C944 /* PUADetectorUITests.xctest */ = {isa = PBXFileReference; includeInIndex = 0; lastKnownFileType = wrapper.cfbundle; path = PUADetectorUITests.xctest; sourceTree = BUILT_PRODUCTS_DIR; };
    72|		E2DE23A0AA9D5C615CEC2E6F /* SettingsView.swift */ = {isa = PBXFileReference; lastKnownFileType = sourcecode.swift; path = SettingsView.swift; sourceTree = "<group>"; };
    73|		EF1D41D8209D730A12BF0DFB /* PrivacyInfo.xcprivacy */ = {isa = PBXFileReference; path = PrivacyInfo.xcprivacy; sourceTree = "<group>"; };
    74|		F0B1F9FFAACFF3CFF0AD30F1 /* ShareSheet.swift */ = {isa = PBXFileReference; lastKnownFileType = sourcecode.swift; path = ShareSheet.swift; sourceTree = "<group>"; };
    75|		F24B477285459F11FF44FB06 /* ContentView.swift */ = {isa = PBXFileReference; lastKnownFileType = sourcecode.swift; path = ContentView.swift; sourceTree = "<group>"; };
    76|		FC0C6CC3622714042DA9FF4B /* RadarRippleView.swift */ = {isa = PBXFileReference; lastKnownFileType = sourcecode.swift; path = RadarRippleView.swift; sourceTree = "<group>"; };
    77|/* End PBXFileReference section */
    78|
    79|/* Begin PBXGroup section */
    80|		06D3721B763383A1D5EF848F /* PUADetector */ = {
    81|			isa = PBXGroup;
    82|			children = (
    83|				B8474437669F94154B0177B8 /* Resources */,
    84|				E16EE798E5D80D6E0609A5CA /* Sources */,
    85|			);
    86|			path = PUADetector;
    87|			sourceTree = "<group>";
    88|		};
    89|		0B3FB79D3A50C728BC89EEB7 /* Products */ = {
    90|			isa = PBXGroup;
    91|			children = (
    92|				C51DD13E4F7781A5E09EE561 /* PUADetector.app */,
    93|				176C1021E0F706A5876B9BD9 /* PUADetectorTests.xctest */,
    94|				D0D5CE60A1C7A114EC04C944 /* PUADetectorUITests.xctest */,
    95|			);
    96|			name = Products;
    97|			sourceTree = "<group>";
    98|		};
    99|		6D31BB289F3AA2D17E251BC5 = {
   100|			isa = PBXGroup;
   101|			children = (
   102|				06D3721B763383A1D5EF848F /* PUADetector */,
   103|				B539C19E15555C64565B037B /* PUADetectorTests */,
   104|				B204E87C79715556ADB75A76 /* PUADetectorUITests */,
   105|				0B3FB79D3A50C728BC89EEB7 /* Products */,
   106|			);
   107|			sourceTree = "<group>";
   108|		};
   109|		B204E87C79715556ADB75A76 /* PUADetectorUITests */ = {
   110|			isa = PBXGroup;
   111|			children = (
   112|				3904CB07C9406A39917C70C4 /* PUADetectorUITests.swift */,
   113|			);
   114|			path = PUADetectorUITests;
   115|			sourceTree = "<group>";
   116|		};
   117|		B539C19E15555C64565B037B /* PUADetectorTests */ = {
   118|			isa = PBXGroup;
   119|			children = (
   120|				BD3379707BF63582A9812DD2 /* PUAClassifierTests.swift */,
   121|			);
   122|			path = PUADetectorTests;
   123|			sourceTree = "<group>";
   124|		};
   125|		B8474437669F94154B0177B8 /* Resources */ = {
   126|			isa = PBXGroup;
   127|			children = (
   128|				A3180C63BBEB0F6DEC5FCD41 /* Assets.xcassets */,
   129|				EF1D41D8209D730A12BF0DFB /* PrivacyInfo.xcprivacy */,
   130|			);
   131|			path = Resources;
   132|			sourceTree = "<group>";
   133|		};
   134|		E16EE798E5D80D6E0609A5CA /* Sources */ = {
   135|			isa = PBXGroup;
   136|			children = (
   137|				F24B477285459F11FF44FB06 /* ContentView.swift */,
   138|				4B0E1EC753B530FBB5A6D7F9 /* DebugDetailsView.swift */,
   139|				3230361D8162474AF6D3EDD5 /* DetectionPreferences.swift */,
   140|				CCA86E0A77AA92A378C3664B /* DetectionReport.swift */,
   141|				0DE382EEFEB57F2C1526C2E0 /* GaugeView.swift */,
   142|   143|				1517324B9E3F2AFD7131D47C /* Palette.swift */,
   144|				7A7B9BD745E624785E61058D /* PUAClassifier.swift */,
   145|				51DCC243E439852D6372BEC4 /* PUADetectorApp.swift */,
   146|				35865544FF894BF602CE72DF /* PUADetectorViewModel.swift */,
   147|				FC0C6CC3622714042DA9FF4B /* RadarRippleView.swift */,
   148|				6B4C9C49A4B686D4C5289C6E /* SafetyResourcesView.swift */,
   149|				18E65C628EAAE89DADAE1667 /* ScoreTrendView.swift */,
   150|				E2DE23A0AA9D5C615CEC2E6F /* SettingsView.swift */,
   151|				F0B1F9FFAACFF3CFF0AD30F1 /* ShareSheet.swift */,
   152|				582E7519CE24DE751430DCB3 /* SpeechListener.swift */,
   153|				1B30D409BD88C0EEA41A7F94 /* SplashView.swift */,
   154|				17B467EDE9E81C0C5D08772A /* VoiceAlert.swift */,
   155|			);
   156|			path = Sources;
   157|			sourceTree = "<group>";
   158|		};
   159|/* End PBXGroup section */
   160|
   161|/* Begin PBXNativeTarget section */
   162|		28B6990F13AC653040B2241B /* PUADetectorUITests */ = {
   163|			isa = PBXNativeTarget;
   164|			buildConfigurationList = 4869DEA1DA7C4849348B53C8 /* Build configuration list for PBXNativeTarget "PUADetectorUITests" */;
   165|			buildPhases = (
   166|				DED84200500B8D2586800658 /* Sources */,
   167|			);
   168|			buildRules = (
   169|			);
   170|			dependencies = (
   171|				7E34EE06CCDE9F608DE246B3 /* PBXTargetDependency */,
   172|			);
   173|			name = PUADetectorUITests;
   174|			packageProductDependencies = (
   175|			);
   176|			productName = PUADetectorUITests;
   177|			productReference = D0D5CE60A1C7A114EC04C944 /* PUADetectorUITests.xctest */;
   178|			productType = "com.apple.product-type.bundle.ui-testing";
   179|		};
   180|		8923E103FCDC54E574640EBA /* PUADetector */ = {
   181|			isa = PBXNativeTarget;
   182|			buildConfigurationList = 5A064489678BDEA129AD53A6 /* Build configuration list for PBXNativeTarget "PUADetector" */;
   183|			buildPhases = (
   184|				6DC82FD8BC0331D9FC428E75 /* Sources */,
   185|				583EDC8027A0B6DE27BD4076 /* Resources */,
   186|			);
   187|			buildRules = (
   188|			);
   189|			dependencies = (
   190|			);
   191|			name = PUADetector;
   192|			packageProductDependencies = (
   193|			);
   194|			productName = PUADetector;
   195|			productReference = C51DD13E4F7781A5E09EE561 /* PUADetector.app */;
   196|			productType = "com.apple.product-type.application";
   197|		};
   198|		A42047D70396BD7812F07597 /* PUADetectorTests */ = {
   199|			isa = PBXNativeTarget;
   200|			buildConfigurationList = 50986BE7A0BF3B35604516F8 /* Build configuration list for PBXNativeTarget "PUADetectorTests" */;
   201|			buildPhases = (
   202|				8ECA93F8CB6E578072BFFAC9 /* Sources */,
   203|			);
   204|			buildRules = (
   205|			);
   206|			dependencies = (
   207|				2F5AD17EDCCED8E2A20A314C /* PBXTargetDependency */,
   208|			);
   209|			name = PUADetectorTests;
   210|			packageProductDependencies = (
   211|			);
   212|			productName = PUADetectorTests;
   213|			productReference = 176C1021E0F706A5876B9BD9 /* PUADetectorTests.xctest */;
   214|			productType = "com.apple.product-type.bundle.unit-test";
   215|		};
   216|/* End PBXNativeTarget section */
   217|
   218|/* Begin PBXProject section */
   219|		563D4EE4B50F2696D0E856F0 /* Project object */ = {
   220|			isa = PBXProject;
   221|			attributes = {
   222|				BuildIndependentTargetsInParallel = YES;
   223|				LastUpgradeCheck = 1430;
   224|				TargetAttributes = {
   225|					28B6990F13AC653040B2241B = {
   226|						DevelopmentTeam = "";
   227|						TestTargetID = 8923E103FCDC54E574640EBA;
   228|					};
   229|					8923E103FCDC54E574640EBA = {
   230|						DevelopmentTeam = "";
   231|					};
   232|					A42047D70396BD7812F07597 = {
   233|						DevelopmentTeam = "";
   234|					};
   235|				};
   236|			};
   237|			buildConfigurationList = CBF46C02F92A00F0B216322B /* Build configuration list for PBXProject "PUADetector" */;
   238|			developmentRegion = en;
   239|			hasScannedForEncodings = 0;
   240|			knownRegions = (
   241|				Base,
   242|				en,
   243|			);
   244|			mainGroup = 6D31BB289F3AA2D17E251BC5;
   245|			minimizedProjectReferenceProxies = 1;
   246|			preferredProjectObjectVersion = 77;
   247|			productRefGroup = 0B3FB79D3A50C728BC89EEB7 /* Products */;
   248|			projectDirPath = "";
   249|			projectRoot = "";
   250|			targets = (
   251|				8923E103FCDC54E574640EBA /* PUADetector */,
   252|				A42047D70396BD7812F07597 /* PUADetectorTests */,
   253|				28B6990F13AC653040B2241B /* PUADetectorUITests */,
   254|			);
   255|		};
   256|/* End PBXProject section */
   257|
   258|/* Begin PBXResourcesBuildPhase section */
   259|		583EDC8027A0B6DE27BD4076 /* Resources */ = {
   260|			isa = PBXResourcesBuildPhase;
   261|			buildActionMask = 2147483647;
   262|			files = (
   263|				404C7F90F77536766B5FC898 /* Assets.xcassets in Resources */,
   264|				B6D21A56F2E38286C721E4F2 /* PrivacyInfo.xcprivacy in Resources */,
   265|			);
   266|			runOnlyForDeploymentPostprocessing = 0;
   267|		};
   268|/* End PBXResourcesBuildPhase section */
   269|
   270|/* Begin PBXSourcesBuildPhase section */
   271|		6DC82FD8BC0331D9FC428E75 /* Sources */ = {
   272|			isa = PBXSourcesBuildPhase;
   273|			buildActionMask = 2147483647;
   274|			files = (
   275|				BD8B924F60ACF79EE2E5114C /* ContentView.swift in Sources */,
   276|				B6E63CC9E206F5734D487784 /* DebugDetailsView.swift in Sources */,
   277|				8719CD8B161F56390430E150 /* DetectionPreferences.swift in Sources */,
   278|				0455396EE63E4636F8C1116E /* DetectionReport.swift in Sources */,
   279|				D118747EF175A025E769AA56 /* GaugeView.swift in Sources */,
   280|   281|				15A9B76252F74BEA34D5818D /* PUAClassifier.swift in Sources */,
   282|				866854FF33CE27F1FCCA4716 /* PUADetectorApp.swift in Sources */,
   283|				4203E3D8AC273FC923C87807 /* PUADetectorViewModel.swift in Sources */,
   284|				E357B8ECFBE6C673B31B4A6F /* Palette.swift in Sources */,
   285|				F087941FC572F18344AFC95A /* RadarRippleView.swift in Sources */,
   286|				3E0569AC0395913C1CE6D7EA /* SafetyResourcesView.swift in Sources */,
   287|				A9A3C0F2098CFB55C0CE5738 /* ScoreTrendView.swift in Sources */,
   288|				49A42EA897F287BDD2AB5461 /* SettingsView.swift in Sources */,
   289|				964E653DF812AF1AE9FAAB14 /* ShareSheet.swift in Sources */,
   290|				85D2928C99F19A6BCB5E74BB /* SpeechListener.swift in Sources */,
   291|				61C05C603749317A9C12041E /* SplashView.swift in Sources */,
   292|				8C14CCF16B71A189C5D9023F /* VoiceAlert.swift in Sources */,
   293|			);
   294|			runOnlyForDeploymentPostprocessing = 0;
   295|		};
   296|		8ECA93F8CB6E578072BFFAC9 /* Sources */ = {
   297|			isa = PBXSourcesBuildPhase;
   298|			buildActionMask = 2147483647;
   299|			files = (
   300|				759DE60C26D977F09F9E1F9A /* PUAClassifierTests.swift in Sources */,
   301|			);
   302|			runOnlyForDeploymentPostprocessing = 0;
   303|		};
   304|		DED84200500B8D2586800658 /* Sources */ = {
   305|			isa = PBXSourcesBuildPhase;
   306|			buildActionMask = 2147483647;
   307|			files = (
   308|				E0E271198F019802D7BA59C3 /* PUADetectorUITests.swift in Sources */,
   309|			);
   310|			runOnlyForDeploymentPostprocessing = 0;
   311|		};
   312|/* End PBXSourcesBuildPhase section */
   313|
   314|/* Begin PBXTargetDependency section */
   315|		2F5AD17EDCCED8E2A20A314C /* PBXTargetDependency */ = {
   316|			isa = PBXTargetDependency;
   317|			target = 8923E103FCDC54E574640EBA /* PUADetector */;
   318|			targetProxy = EF5A649831FB7FCD82F9E2FA /* PBXContainerItemProxy */;
   319|		};
   320|		7E34EE06CCDE9F608DE246B3 /* PBXTargetDependency */ = {
   321|			isa = PBXTargetDependency;
   322|			target = 8923E103FCDC54E574640EBA /* PUADetector */;
   323|			targetProxy = E8E126D790C5106E5B038BD4 /* PBXContainerItemProxy */;
   324|		};
   325|/* End PBXTargetDependency section */
   326|
   327|/* Begin XCBuildConfiguration section */
   328|		057F7A4E33DC848DBA29864D /* Debug */ = {
   329|			isa = XCBuildConfiguration;
   330|			buildSettings = {
   331|				BUNDLE_LOADER = "$(TEST_HOST)";
   332|				GENERATE_INFOPLIST_FILE = YES;
   333|				LD_RUNPATH_SEARCH_PATHS = (
   334|					"$(inherited)",
   335|					"@executable_path/Frameworks",
   336|					"@loader_path/Frameworks",
   337|				);
   338|				PRODUCT_BUNDLE_IDENTIFIER = com.sunnyyylai.PUADetectorUITests;
   339|				SDKROOT = iphoneos;
   340|				TARGETED_DEVICE_FAMILY = "1,2";
   341|				TEST_TARGET_NAME = PUADetector;
   342|			};
   343|			name = Debug;
   344|		};
   345|		3B57124BBC99166C881A85AB /* Debug */ = {
   346|			isa = XCBuildConfiguration;
   347|			buildSettings = {
   348|				BUNDLE_LOADER = "$(TEST_HOST)";
   349|				GENERATE_INFOPLIST_FILE = YES;
   350|				LD_RUNPATH_SEARCH_PATHS = (
   351|					"$(inherited)",
   352|					"@executable_path/Frameworks",
   353|					"@loader_path/Frameworks",
   354|				);
   355|				PRODUCT_BUNDLE_IDENTIFIER = com.sunnyyylai.PUADetectorTests;
   356|				SDKROOT = iphoneos;
   357|				TARGETED_DEVICE_FAMILY = "1,2";
   358|				TEST_HOST = "$(BUILT_PRODUCTS_DIR)/PUADetector.app/PUADetector";
   359|			};
   360|			name = Debug;
   361|		};
   362|		528576481B43390DE1E863E9 /* Release */ = {
   363|			isa = XCBuildConfiguration;
   364|			buildSettings = {
   365|				BUNDLE_LOADER = "$(TEST_HOST)";
   366|				GENERATE_INFOPLIST_FILE = YES;
   367|				LD_RUNPATH_SEARCH_PATHS = (
   368|					"$(inherited)",
   369|					"@executable_path/Frameworks",
   370|					"@loader_path/Frameworks",
   371|				);
   372|				PRODUCT_BUNDLE_IDENTIFIER = com.sunnyyylai.PUADetectorUITests;
   373|				SDKROOT = iphoneos;
   374|				TARGETED_DEVICE_FAMILY = "1,2";
   375|				TEST_TARGET_NAME = PUADetector;
   376|			};
   377|			name = Release;
   378|		};
   379|		55AD79571A1A607013D37984 /* Release */ = {
   380|			isa = XCBuildConfiguration;
   381|			buildSettings = {
   382|				BUNDLE_LOADER = "$(TEST_HOST)";
   383|				GENERATE_INFOPLIST_FILE = YES;
   384|				LD_RUNPATH_SEARCH_PATHS = (
   385|					"$(inherited)",
   386|					"@executable_path/Frameworks",
   387|					"@loader_path/Frameworks",
   388|				);
   389|				PRODUCT_BUNDLE_IDENTIFIER = com.sunnyyylai.PUADetectorTests;
   390|				SDKROOT = iphoneos;
   391|				TARGETED_DEVICE_FAMILY = "1,2";
   392|				TEST_HOST = "$(BUILT_PRODUCTS_DIR)/PUADetector.app/PUADetector";
   393|			};
   394|			name = Release;
   395|		};
   396|		5C9A4BA46CE2A2E15119AD23 /* Debug */ = {
   397|			isa = XCBuildConfiguration;
   398|			buildSettings = {
   399|				ASSETCATALOG_COMPILER_APPICON_NAME = AppIcon;
   400|				CODE_SIGN_IDENTITY = "iPhone Developer";
   401|				ENABLE_PREVIEWS = YES;
   402|				INFOPLIST_FILE = PUADetector/Info.plist;
   403|				INFOPLIST_KEY_UIApplicationSceneManifest_Generation = YES;
   404|				INFOPLIST_KEY_UILaunchScreen_Generation = YES;
   405|				LD_RUNPATH_SEARCH_PATHS = (
   406|					"$(inherited)",
   407|					"@executable_path/Frameworks",
   408|				);
   409|				PRODUCT_BUNDLE_IDENTIFIER = com.sunnyyylai.PUADetector;
   410|				SDKROOT = iphoneos;
   411|				SWIFT_EMIT_LOC_STRINGS = YES;
   412|				TARGETED_DEVICE_FAMILY = "1,2";
   413|			};
   414|			name = Debug;
   415|		};
   416|		B3142E45E42035B5B2835B2B /* Release */ = {
   417|			isa = XCBuildConfiguration;
   418|			buildSettings = {
   419|				ALWAYS_SEARCH_USER_PATHS = NO;
   420|				CLANG_ANALYZER_NONNULL = YES;
   421|				CLANG_ANALYZER_NUMBER_OBJECT_CONVERSION = YES_AGGRESSIVE;
   422|				CLANG_CXX_LANGUAGE_STANDARD = "gnu++14";
   423|				CLANG_CXX_LIBRARY = "libc++";
   424|				CLANG_ENABLE_MODULES = YES;
   425|				CLANG_ENABLE_OBJC_ARC = YES;
   426|				CLANG_ENABLE_OBJC_WEAK = YES;
   427|				CLANG_WARN_BLOCK_CAPTURE_AUTORELEASING = YES;
   428|				CLANG_WARN_BOOL_CONVERSION = YES;
   429|				CLANG_WARN_COMMA = YES;
   430|				CLANG_WARN_CONSTANT_CONVERSION = YES;
   431|				CLANG_WARN_DEPRECATED_OBJC_IMPLEMENTATIONS = YES;
   432|				CLANG_WARN_DIRECT_OBJC_ISA_USAGE = YES_ERROR;
   433|				CLANG_WARN_DOCUMENTATION_COMMENTS = YES;
   434|				CLANG_WARN_EMPTY_BODY = YES;
   435|				CLANG_WARN_ENUM_CONVERSION = YES;
   436|				CLANG_WARN_INFINITE_RECURSION = YES;
   437|				CLANG_WARN_INT_CONVERSION = YES;
   438|				CLANG_WARN_NON_LITERAL_NULL_CONVERSION = YES;
   439|				CLANG_WARN_OBJC_IMPLICIT_RETAIN_SELF = YES;
   440|				CLANG_WARN_OBJC_LITERAL_CONVERSION = YES;
   441|				CLANG_WARN_OBJC_ROOT_CLASS = YES_ERROR;
   442|				CLANG_WARN_QUOTED_INCLUDE_IN_FRAMEWORK_HEADER = YES;
   443|				CLANG_WARN_RANGE_LOOP_ANALYSIS = YES;
   444|				CLANG_WARN_STRICT_PROTOTYPES = YES;
   445|				CLANG_WARN_SUSPICIOUS_MOVE = YES;
   446|				CLANG_WARN_UNGUARDED_AVAILABILITY = YES_AGGRESSIVE;
   447|				CLANG_WARN_UNREACHABLE_CODE = YES;
   448|				CLANG_WARN__DUPLICATE_METHOD_MATCH = YES;
   449|				COPY_PHASE_STRIP = NO;
   450|				DEBUG_INFORMATION_FORMAT = "dwarf-with-dsym";
   451|				DEVELOPMENT_TEAM = "";
   452|				ENABLE_NS_ASSERTIONS = NO;
   453|				ENABLE_STRICT_OBJC_MSGSEND = YES;
   454|				GCC_C_LANGUAGE_STANDARD = gnu11;
   455|				GCC_NO_COMMON_BLOCKS = YES;
   456|				GCC_WARN_64_TO_32_BIT_CONVERSION = YES;
   457|				GCC_WARN_ABOUT_RETURN_TYPE = YES_ERROR;
   458|				GCC_WARN_UNDECLARED_SELECTOR = YES;
   459|				GCC_WARN_UNINITIALIZED_AUTOS = YES_AGGRESSIVE;
   460|				GCC_WARN_UNUSED_FUNCTION = YES;
   461|				GCC_WARN_UNUSED_VARIABLE = YES;
   462|				GENERATE_INFOPLIST_FILE = NO;
   463|				IPHONEOS_DEPLOYMENT_TARGET = 16.0;
   464|				MTL_ENABLE_DEBUG_INFO = NO;
   465|				MTL_FAST_MATH = YES;
   466|				PRODUCT_NAME = "$(TARGET_NAME)";
   467|				SDKROOT = iphoneos;
   468|				SWIFT_COMPILATION_MODE = wholemodule;
   469|				SWIFT_OPTIMIZATION_LEVEL = "-O";
   470|				SWIFT_VERSION = 5.9;
   471|				TARGETED_DEVICE_FAMILY = "1,2";
   472|			};
   473|			name = Release;
   474|		};
   475|		BFCC35D030C37A4AC4192BAD /* Release */ = {
   476|			isa = XCBuildConfiguration;
   477|			buildSettings = {
   478|				ASSETCATALOG_COMPILER_APPICON_NAME = AppIcon;
   479|				CODE_SIGN_IDENTITY = "iPhone Developer";
   480|				ENABLE_PREVIEWS = YES;
   481|				INFOPLIST_FILE = PUADetector/Info.plist;
   482|				INFOPLIST_KEY_UIApplicationSceneManifest_Generation = YES;
   483|				INFOPLIST_KEY_UILaunchScreen_Generation = YES;
   484|				LD_RUNPATH_SEARCH_PATHS = (
   485|					"$(inherited)",
   486|					"@executable_path/Frameworks",
   487|				);
   488|				PRODUCT_BUNDLE_IDENTIFIER = com.sunnyyylai.PUADetector;
   489|				SDKROOT = iphoneos;
   490|				SWIFT_EMIT_LOC_STRINGS = YES;
   491|				TARGETED_DEVICE_FAMILY = "1,2";
   492|			};
   493|			name = Release;
   494|		};
   495|		CB9B185870059AB0CF6D06AA /* Debug */ = {
   496|			isa = XCBuildConfiguration;
   497|			buildSettings = {
   498|				ALWAYS_SEARCH_USER_PATHS = NO;
   499|				CLANG_ANALYZER_NONNULL = YES;
   500|				CLANG_ANALYZER_NUMBER_OBJECT_CONVERSION = YES_AGGRESSIVE;
   501|